
Microsoft Visual Studio Solution File, Format Version 12.00
# Visual Studio Version 17
VisualStudioVersion = 17.10.35013.160
MinimumVisualStudioVersion = 10.0.40219.1
Project("{2150E333-8FDC-42A3-9474-1A3956D46DE8}") = "Application", "Application", "{2A0ABBE3-F35A-4CD2-AE83-CA36E0350896}"
EndProject
Project("{2150E333-8FDC-42A3-9474-1A3956D46DE8}") = "Models", "Models", "{2AD4211A-FBB1-49CF-B641-28517EDC2264}"
EndProject
Project("{2150E333-8FDC-42A3-9474-1A3956D46DE8}") = "Services", "Services", "{E7E3B965-C9EA-49D6-A936-590765CCCC97}"
EndProject
Project("{2150E333-8FDC-42A3-9474-1A3956D46DE8}") = "Infrastructure", "Infrastructure", "{DD0F1507-DD40-42E4-AF0B-07CB09621574}"
EndProject
Project("{2150E333-8FDC-42A3-9474-1A3956D46DE8}") = "Data", "Data", "{41650264-87F9-4391-9F59-71C3D6D47332}"
EndProject
Project("{2150E333-8FDC-42A3-9474-1A3956D46DE8}") = "Repositories", "Repositories", "{3A03E9B3-9E60-4349-B6B3-B0258098F0AD}"
EndProject
Project("{2150E333-8FDC-42A3-9474-1A3956D46DE8}") = "Systems", "Systems", "{025F4613-D149-44F1-B580-B079A0ED1AAE}"
EndProject
Project("{2150E333-8FDC-42A3-9474-1A3956D46DE8}") = "API", "API", "{43BD5B75-8FD8-4A17-A098-FE8DD5AD65F1}"
EndProject
Project("{2150E333-8FDC-42A3-9474-1A3956D46DE8}") = "Tests", "Tests", "{A07C6DEF-F222-4FB1-A22C-F4C516870DF9}"
EndProject
Project("{9A19103F-16F7-4668-BE54-9A1E7A4F7556}") = "MinesweeperApi.Infrastructure.Data.Context", "Infrastructure\Data\MinesweeperApi.Infrastructure.Data.Context\MinesweeperApi.Infrastructure.Data.Context.csproj", "{ED83CA14-2A45-4576-B694-93A2092AEE90}"
EndProject
Project("{9A19103F-16F7-4668-BE54-9A1E7A4F7556}") = "MinesweeperApi.Infrastructure.Data.Entities", "Infrastructure\Data\MinesweeperApi.Infrastructure.Data.Entities\MinesweeperApi.Infrastructure.Data.Entities.csproj", "{6DDE6C12-ABEC-42C5-8E2E-B821F7858A24}"
EndProject
Project("{9A19103F-16F7-4668-BE54-9A1E7A4F7556}") = "MinesweeperApi.Infrastructure.Repositories.Data", "Infrastructure\Repositories\MinesweeperApi.Infrastructure.Repositories.Data\MinesweeperApi.Infrastructure.Repositories.Data.csproj", "{8C2E4A7B-3B0A-4C47-A5FC-905C78064996}"
EndProject
Project("{2150E333-8FDC-42A3-9474-1A3956D46DE8}") = "Shared", "Shared", "{1907C3FB-437E-4F38-86D5-3290B913D119}"
EndProject
Project("{9A19103F-16F7-4668-BE54-9A1E7A4F7556}") = "MinesweeperApi.Common", "Shared\MinesweeperApi.Common\MinesweeperApi.Common.csproj", "{EBE6B850-7504-443C-8734-EB65C8747A7E}"
EndProject
Project("{9A19103F-16F7-4668-BE54-9A1E7A4F7556}") = "MinesweeperApi.Application.Tests", "Tests\MinesweeperApi.Application.Tests\MinesweeperApi.Application.Tests.csproj", "{4276E260-C9B5-4427-879C-162396CF1A3F}"
EndProject
Project("{9A19103F-16F7-4668-BE54-9A1E7A4F7556}") = "MinesweeperApi.Infrastructure.Tests", "Tests\MinesweeperApi.Infrastructure.Tests\MinesweeperApi.Infrastructure.Tests.csproj", "{79E4FD03-6D37-4665-A4DB-B677B64F3929}"
EndProject
Project("{2150E333-8FDC-42A3-9474-1A3956D46DE8}") = "_docker", "_docker", "{AA18B23F-54D9-42BD-9C68-4E7C8A08F273}"
	ProjectSection(SolutionItems) = preProject
		.dockerignore = .dockerignore
		docker-compose.override.yml = docker-compose.override.yml
		docker-compose.yml = docker-compose.yml
		env.api = env.api
	EndProjectSection
EndProject
Project("{9A19103F-16F7-4668-BE54-9A1E7A4F7556}") = "MinesweeperApi.API.Tests", "Tests\MinesweeperApi.API.Tests\MinesweeperApi.API.Tests.csproj", "{05DA95A0-FA85-4D67-8E80-F903C6B5D6AE}"
EndProject
Project("{9A19103F-16F7-4668-BE54-9A1E7A4F7556}") = "MinesweeperApi.API", "Systems\API\MinesweeperApi.API\MinesweeperApi.API.csproj", "{5EBCA849-3228-4188-848D-A72FC74F6CD5}"
EndProject
Project("{9A19103F-16F7-4668-BE54-9A1E7A4F7556}") = "MinesweeperApi.Application.Services.Logger", "Application\Services\MinesweeperApi.Application.Services.Logger\MinesweeperApi.Application.Services.Logger.csproj", "{54B1FFA9-5B96-4875-A77E-553B473B1302}"
EndProject
Project("{9A19103F-16F7-4668-BE54-9A1E7A4F7556}") = "MinesweeperApi.Application.Services.Settings", "Application\Services\MinesweeperApi.Application.Services.Settings\MinesweeperApi.Application.Services.Settings.csproj", "{5B4DBF75-8F52-4818-AFD3-E1E2644BFEC6}"
EndProject
Project("{9A19103F-16F7-4668-BE54-9A1E7A4F7556}") = "MinesweeperApi.Application.Models", "Application\Models\MinesweeperApi.Application.Models\MinesweeperApi.Application.Models.csproj", "{406E3A42-B7AD-4D0B-9C8D-7F0A05A0780D}"
EndProject
Project("{FAE04EC0-301F-11D3-BF4B-00C04F79EFBC}") = "MinesweeperApi.Application.Services.GameService", "Application\Services\MinesweeperApi.Application.Services.GameService\MinesweeperApi.Application.Services.GameService.csproj", "{A8AD7F7A-C1D5-4239-8B1A-236205301B04}"
EndProject
Global
	GlobalSection(SolutionConfigurationPlatforms) = preSolution
		Debug|Any CPU = Debug|Any CPU
		Release|Any CPU = Release|Any CPU
	EndGlobalSection
	GlobalSection(ProjectConfigurationPlatforms) = postSolution
		{ED83CA14-2A45-4576-B694-93A2092AEE90}.Debug|Any CPU.ActiveCfg = Debug|Any CPU
		{ED83CA14-2A45-4576-B694-93A2092AEE90}.Debug|Any CPU.Build.0 = Debug|Any CPU
		{ED83CA14-2A45-4576-B694-93A2092AEE90}.Release|Any CPU.ActiveCfg = Release|Any CPU
		{ED83CA14-2A45-4576-B694-93A2092AEE90}.Release|Any CPU.Build.0 = Release|Any CPU
		{6DDE6C12-ABEC-42C5-8E2E-B821F7858A24}.Debug|Any CPU.ActiveCfg = Debug|Any CPU
		{6DDE6C12-ABEC-42C5-8E2E-B821F7858A24}.Debug|Any CPU.Build.0 = Debug|Any CPU
		{6DDE6C12-ABEC-42C5-8E2E-B821F7858A24}.Release|Any CPU.ActiveCfg = Release|Any CPU
		{6DDE6C12-ABEC-42C5-8E2E-B821F7858A24}.Release|Any CPU.Build.0 = Release|Any CPU
		{8C2E4A7B-3B0A-4C47-A5FC-905C78064996}.Debug|Any CPU.ActiveCfg = Debug|Any CPU
		{8C2E4A7B-3B0A-4C47-A5FC-905C78064996}.Debug|Any CPU.Build.0 = Debug|Any CPU
		{8C2E4A7B-3B0A-4C47-A5FC-905C78064996}.Release|Any CPU.ActiveCfg = Release|Any CPU
		{8C2E4A7B-3B0A-4C47-A5FC-905C78064996}.Release|Any CPU.Build.0 = Release|Any CPU
		{EBE6B850-7504-443C-8734-EB65C8747A7E}.Debug|Any CPU.ActiveCfg = Debug|Any CPU
		{EBE6B850-7504-443C-8734-EB65C8747A7E}.Debug|Any CPU.Build.0 = Debug|Any CPU
		{EBE6B850-7504-443C-8734-EB65C8747A7E}.Release|Any CPU.ActiveCfg = Release|Any CPU
		{EBE6B850-7504-443C-8734-EB65C8747A7E}.Release|Any CPU.Build.0 = Release|Any CPU
		{4276E260-C9B5-4427-879C-162396CF1A3F}.Debug|Any CPU.ActiveCfg = Debug|Any CPU
		{4276E260-C9B5-4427-879C-162396CF1A3F}.Debug|Any CPU.Build.0 = Debug|Any CPU
		{4276E260-C9B5-4427-879C-162396CF1A3F}.Release|Any CPU.ActiveCfg = Release|Any CPU
		{4276E260-C9B5-4427-879C-162396CF1A3F}.Release|Any CPU.Build.0 = Release|Any CPU
		{79E4FD03-6D37-4665-A4DB-B677B64F3929}.Debug|Any CPU.ActiveCfg = Debug|Any CPU
		{79E4FD03-6D37-4665-A4DB-B677B64F3929}.Debug|Any CPU.Build.0 = Debug|Any CPU
		{79E4FD03-6D37-4665-A4DB-B677B64F3929}.Release|Any CPU.ActiveCfg = Release|Any CPU
		{79E4FD03-6D37-4665-A4DB-B677B64F3929}.Release|Any CPU.Build.0 = Release|Any CPU
		{05DA95A0-FA85-4D67-8E80-F903C6B5D6AE}.Debug|Any CPU.ActiveCfg = Debug|Any CPU
		{05DA95A0-FA85-4D67-8E80-F903C6B5D6AE}.Debug|Any CPU.Build.0 = Debug|Any CPU
		{05DA95A0-FA85-4D67-8E80-F903C6B5D6AE}.Release|Any CPU.ActiveCfg = Release|Any CPU
		{05DA95A0-FA85-4D67-8E80-F903C6B5D6AE}.Release|Any CPU.Build.0 = Release|Any CPU
		{5EBCA849-3228-4188-848D-A72FC74F6CD5}.Debug|Any CPU.ActiveCfg = Debug|Any CPU
		{5EBCA849-3228-4188-848D-A72FC74F6CD5}.Debug|Any CPU.Build.0 = Debug|Any CPU
		{5EBCA849-3228-4188-848D-A72FC74F6CD5}.Release|Any CPU.ActiveCfg = Release|Any CPU
		{5EBCA849-3228-4188-848D-A72FC74F6CD5}.Release|Any CPU.Build.0 = Release|Any CPU
		{54B1FFA9-5B96-4875-A77E-553B473B1302}.Debug|Any CPU.ActiveCfg = Debug|Any CPU
		{54B1FFA9-5B96-4875-A77E-553B473B1302}.Debug|Any CPU.Build.0 = Debug|Any CPU
		{54B1FFA9-5B96-4875-A77E-553B473B1302}.Release|Any CPU.ActiveCfg = Release|Any CPU
		{54B1FFA9-5B96-4875-A77E-553B473B1302}.Release|Any CPU.Build.0 = Release|Any CPU
		{5B4DBF75-8F52-4818-AFD3-E1E2644BFEC6}.Debug|Any CPU.ActiveCfg = Debug|Any CPU
		{5B4DBF75-8F52-4818-AFD3-E1E2644BFEC6}.Debug|Any CPU.Build.0 = Debug|Any CPU
		{5B4DBF75-8F52-4818-AFD3-E1E2644BFEC6}.Release|Any CPU.ActiveCfg = Release|Any CPU
		{5B4DBF75-8F52-4818-AFD3-E1E2644BFEC6}.Release|Any CPU.Build.0 = Release|Any CPU
		{406E3A42-B7AD-4D0B-9C8D-7F0A05A0780D}.Debug|Any CPU.ActiveCfg = Debug|Any CPU
		{406E3A42-B7AD-4D0B-9C8D-7F0A05A0780D}.Debug|Any CPU.Build.0 = Debug|Any CPU
		{406E3A42-B7AD-4D0B-9C8D-7F0A05A0780D}.Release|Any CPU.ActiveCfg = Release|Any CPU
		{406E3A42-B7AD-4D0B-9C8D-7F0A05A0780D}.Release|Any CPU.Build.0 = Release|Any CPU
		{A8AD7F7A-C1D5-4239-8B1A-236205301B04}.Debug|Any CPU.ActiveCfg = Debug|Any CPU
		{A8AD7F7A-C1D5-4239-8B1A-236205301B04}.Debug|Any CPU.Build.0 = Debug|Any CPU
		{A8AD7F7A-C1D5-4239-8B1A-236205301B04}.Release|Any CPU.ActiveCfg = Release|Any CPU
		{A8AD7F7A-C1D5-4239-8B1A-236205301B04}.Release|Any CPU.Build.0 = Release|Any CPU
	EndGlobalSection
	GlobalSection(SolutionProperties) = preSolution
		HideSolutionNode = FALSE
	EndGlobalSection
	GlobalSection(NestedProjects) = preSolution
		{2AD4211A-FBB1-49CF-B641-28517EDC2264} = {2A0ABBE3-F35A-4CD2-AE83-CA36E0350896}
		{E7E3B965-C9EA-49D6-A936-590765CCCC97} = {2A0ABBE3-F35A-4CD2-AE83-CA36E0350896}
		{41650264-87F9-4391-9F59-71C3D6D47332} = {DD0F1507-DD40-42E4-AF0B-07CB09621574}
		{3A03E9B3-9E60-4349-B6B3-B0258098F0AD} = {DD0F1507-DD40-42E4-AF0B-07CB09621574}
		{43BD5B75-8FD8-4A17-A098-FE8DD5AD65F1} = {025F4613-D149-44F1-B580-B079A0ED1AAE}
		{ED83CA14-2A45-4576-B694-93A2092AEE90} = {41650264-87F9-4391-9F59-71C3D6D47332}
		{6DDE6C12-ABEC-42C5-8E2E-B821F7858A24} = {41650264-87F9-4391-9F59-71C3D6D47332}
		{8C2E4A7B-3B0A-4C47-A5FC-905C78064996} = {3A03E9B3-9E60-4349-B6B3-B0258098F0AD}
		{EBE6B850-7504-443C-8734-EB65C8747A7E} = {1907C3FB-437E-4F38-86D5-3290B913D119}
		{4276E260-C9B5-4427-879C-162396CF1A3F} = {A07C6DEF-F222-4FB1-A22C-F4C516870DF9}
		{79E4FD03-6D37-4665-A4DB-B677B64F3929} = {A07C6DEF-F222-4FB1-A22C-F4C516870DF9}
		{05DA95A0-FA85-4D67-8E80-F903C6B5D6AE} = {A07C6DEF-F222-4FB1-A22C-F4C516870DF9}
		{5EBCA849-3228-4188-848D-A72FC74F6CD5} = {43BD5B75-8FD8-4A17-A098-FE8DD5AD65F1}
		{54B1FFA9-5B96-4875-A77E-553B473B1302} = {E7E3B965-C9EA-49D6-A936-590765CCCC97}
		{5B4DBF75-8F52-4818-AFD3-E1E2644BFEC6} = {E7E3B965-C9EA-49D6-A936-590765CCCC97}
		{406E3A42-B7AD-4D0B-9C8D-7F0A05A0780D} = {2AD4211A-FBB1-49CF-B641-28517EDC2264}
		{A8AD7F7A-C1D5-4239-8B1A-236205301B04} = {E7E3B965-C9EA-49D6-A936-590765CCCC97}
	EndGlobalSection
	GlobalSection(ExtensibilityGlobals) = postSolution
		SolutionGuid = {CBB9FF93-2BB0-4436-B505-329F305B758C}
	EndGlobalSection
EndGlobal
